Microsoft Visual Studio Solution File, Format Version 12.00
# Visual Studio Version 17
VisualStudioVersion = 17.13.35825.156
MinimumVisualStudioVersion = 10.0.40219.1
Project("{FAE04EC0-301F-11D3-BF4B-00C04F79EFBC}") = "Assignment-3_Resume", "Assignment-3_Resume_Builder\Assignment-3_Resume.csproj", "{98AB5200-6D25-4277-A4D2-FD7E3DBE9B7E}"
EndProject
Global
	GlobalSection(SolutionConfigurationPlatforms) = preSolution
		Debug|Any CPU = Debug|Any CPU
		Release|Any CPU = Release|Any CPU
	EndGlobalSection
	GlobalSection(ProjectConfigurationPlatforms) = postSolution
		{98AB5200-6D25-4277-A4D2-FD7E3DBE9B7E}.Debug|Any CPU.ActiveCfg = Debug|Any CPU
		{98AB5200-6D25-4277-A4D2-FD7E3DBE9B7E}.Debug|Any CPU.Build.0 = Debug|Any CPU
		{98AB5200-6D25-4277-A4D2-FD7E3DBE9B7E}.Release|Any CPU.ActiveCfg = Release|Any CPU
		{98AB5200-6D25-4277-A4D2-FD7E3DBE9B7E}.Release|Any CPU.Build.0 = Release|Any CPU
	EndGlobalSection
	GlobalSection(SolutionProperties) = preSolution
		HideSolutionNode = FALSE
	EndGlobalSection
	GlobalSection(ExtensibilityGlobals) = postSolution
		SolutionGuid = {6883C76C-23F1-41FC-96A2-7D59DFA22B65}
	EndGlobalSection
EndGlobal
